{
  "object": {
    "pins": [
      {
        "package": "CardScan",
        "repositoryURL": "https://github.com/getbouncer/cardscan-ios.git",
        "state": {
          "branch": null,
          "revision": "96986ef293d3993715e3242055bed81ce67d1331",
          "version": "2.0.8"
        }
      }
    ]
  },
  "version": 1
}
